
Microsoft Visual Studio Solution File, Format Version 12.00
# Visual Studio 15
VisualStudioVersion = 15.0.26730.0
MinimumVisualStudioVersion = 10.0.40219.1
Project("{8BC9CEB8-8B4A-11D0-8D11-00A0C91BC942}") = "GameSource", "GameSource\GameSource.vcxproj", "{6B97EE41-98DB-4D7E-B67B-6220CB5EAFD8}"
	ProjectSection(ProjectDependencies) = postProject
		{DCC18486-A107-4E88-BC31-206C5293AA2E} = {DCC18486-A107-4E88-BC31-206C5293AA2E}
		{EAED0AE1-393E-4030-9924-2F4E5C21C7DC} = {EAED0AE1-393E-4030-9924-2F4E5C21C7DC}
	EndProjectSection
EndProject
Project("{8BC9CEB8-8B4A-11D0-8D11-00A0C91BC942}") = "ShaderMaker", "ShaderMaker\ShaderMaker.vcxproj", "{EAED0AE1-393E-4030-9924-2F4E5C21C7DC}"
EndProject
Project("{8BC9CEB8-8B4A-11D0-8D11-00A0C91BC942}") = "EngineSource", "EngineSource\EngineSource.vcxproj", "{DCC18486-A107-4E88-BC31-206C5293AA2E}"
EndProject
Global
	GlobalSection(SolutionConfigurationPlatforms) = preSolution
		Debug|x64 = Debug|x64
		Debug|x86 = Debug|x86
		Release|x64 = Release|x64
		Release|x86 = Release|x86
	EndGlobalSection
	GlobalSection(ProjectConfigurationPlatforms) = postSolution
		{6B97EE41-98DB-4D7E-B67B-6220CB5EAFD8}.Debug|x64.ActiveCfg = Debug|x64
		{6B97EE41-98DB-4D7E-B67B-6220CB5EAFD8}.Debug|x64.Build.0 = Debug|x64
		{6B97EE41-98DB-4D7E-B67B-6220CB5EAFD8}.Debug|x86.ActiveCfg = Debug|Win32
		{6B97EE41-98DB-4D7E-B67B-6220CB5EAFD8}.Debug|x86.Build.0 = Debug|Win32
		{6B97EE41-98DB-4D7E-B67B-6220CB5EAFD8}.Release|x64.ActiveCfg = Release|x64
		{6B97EE41-98DB-4D7E-B67B-6220CB5EAFD8}.Release|x64.Build.0 = Release|x64
		{6B97EE41-98DB-4D7E-B67B-6220CB5EAFD8}.Release|x86.ActiveCfg = Release|Win32
		{6B97EE41-98DB-4D7E-B67B-6220CB5EAFD8}.Release|x86.Build.0 = Release|Win32
		{EAED0AE1-393E-4030-9924-2F4E5C21C7DC}.Debug|x64.ActiveCfg = Debug|x64
		{EAED0AE1-393E-4030-9924-2F4E5C21C7DC}.Debug|x64.Build.0 = Debug|x64
		{EAED0AE1-393E-4030-9924-2F4E5C21C7DC}.Debug|x86.ActiveCfg = Debug|Win32
		{EAED0AE1-393E-4030-9924-2F4E5C21C7DC}.Debug|x86.Build.0 = Debug|Win32
		{EAED0AE1-393E-4030-9924-2F4E5C21C7DC}.Release|x64.ActiveCfg = Release|x64
		{EAED0AE1-393E-4030-9924-2F4E5C21C7DC}.Release|x64.Build.0 = Release|x64
		{EAED0AE1-393E-4030-9924-2F4E5C21C7DC}.Release|x86.ActiveCfg = Release|Win32
		{EAED0AE1-393E-4030-9924-2F4E5C21C7DC}.Release|x86.Build.0 = Release|Win32
		{DCC18486-A107-4E88-BC31-206C5293AA2E}.Debug|x64.ActiveCfg = Debug|x64
		{DCC18486-A107-4E88-BC31-206C5293AA2E}.Debug|x64.Build.0 = Debug|x64
		{DCC18486-A107-4E88-BC31-206C5293AA2E}.Debug|x86.ActiveCfg = Debug|Win32
		{DCC18486-A107-4E88-BC31-206C5293AA2E}.Debug|x86.Build.0 = Debug|Win32
		{DCC18486-A107-4E88-BC31-206C5293AA2E}.Release|x64.ActiveCfg = Release|x64
		{DCC18486-A107-4E88-BC31-206C5293AA2E}.Release|x64.Build.0 = Release|x64
		{DCC18486-A107-4E88-BC31-206C5293AA2E}.Release|x86.ActiveCfg = Release|Win32
		{DCC18486-A107-4E88-BC31-206C5293AA2E}.Release|x86.Build.0 = Release|Win32
	EndGlobalSection
	GlobalSection(SolutionProperties) = preSolution
		HideSolutionNode = FALSE
	EndGlobalSection
	GlobalSection(ExtensibilityGlobals) = postSolution
		SolutionGuid = {1C96CC49-D1D7-465C-9B76-15AEA1DE988B}
	EndGlobalSection
EndGlobal
